{
  "nodes": {
    "droid-sans-mono-dotted": {
      "inputs": {
        "flake-utils": [
          "flake-utils"
        ],
        "nixpkgs": [
          "nixpkgs"
        ]
      },
      "locked": {
        "lastModified": 1731255976,
        "narHash": "sha256-u+bp+m+7XrcflA8FxpyLA132zpy0jnbUUM6z38UUeWU=",
        "owner": "gauravjuvekar",
        "repo": "droid-sans-mono-dotted",
        "rev": "d666ab3306174f5b9f5f313dcb5dd8048e00ca56",
        "type": "github"
      },
      "original": {
        "owner": "gauravjuvekar",
        "repo": "droid-sans-mono-dotted",
        "type": "github"
      }
    },
    "firefox-addons": {
      "inputs": {
        "nixpkgs": [
          "nixpkgs"
        ]
      },
      "locked": {
        "dir": "pkgs/firefox-addons",
        "lastModified": 1750824237,
        "narHash": "sha256-jrJs7RMjB2P/V4y0n8qtN6EU5vId9W+6/le2XcRPg+4=",
        "owner": "rycee",
        "repo": "nur-expressions",
        "rev": "6d3d0527e3e273e9aaef9f5c433ef8046245fbb2",
        "type": "gitlab"
      },
      "original": {
        "dir": "pkgs/firefox-addons",
        "owner": "rycee",
        "repo": "nur-expressions",
        "type": "gitlab"
      }
    },
    "flake-utils": {
      "inputs": {
        "systems": "systems"
      },
      "locked": {
        "lastModified": 1731533236,
        "narHash": "sha256-l0KFg5HjrsfsO/JpG+r7fRrqm12kzFHyUHqHCVpMMbI=",
        "owner": "numtide",
        "repo": "flake-utils",
        "rev": "11707dc2f618dd54ca8739b309ec4fc024de578b",
        "type": "github"
      },
      "original": {
        "owner": "numtide",
        "repo": "flake-utils",
        "type": "github"
      }
    },
    "fsaction": {
      "inputs": {
        "flake-utils": [
          "flake-utils"
        ],
        "nixpkgs": [
          "nixpkgs"
        ]
      },
      "locked": {
        "lastModified": 1743582061,
        "narHash": "sha256-zX3l61XqmrJo7JRLIRk39bhWL5Gex2wFTDmSafxnA2w=",
        "owner": "gauravjuvekar",
        "repo": "fsaction",
        "rev": "ac3d39ba056cfa7389c4082bcecb646263df8296",
        "type": "github"
      },
      "original": {
        "owner": "gauravjuvekar",
        "repo": "fsaction",
        "type": "github"
      }
    },
    "home-manager": {
      "inputs": {
        "nixpkgs": [
          "nixpkgs"
        ]
      },
      "locked": {
        "lastModified": 1748529677,
        "narHash": "sha256-MJEX3Skt5EAIs/aGHD8/aXXZPcceMMHheyIGSjvxZN0=",
        "owner": "nix-community",
        "repo": "home-manager",
        "rev": "da282034f4d30e787b8a10722431e8b650a907ef",
        "type": "github"
      },
      "original": {
        "owner": "nix-community",
        "repo": "home-manager",
        "type": "github"
      }
    },
    "nixpkgs": {
      "locked": {
        "lastModified": 1748370509,
        "narHash": "sha256-QlL8slIgc16W5UaI3w7xHQEP+Qmv/6vSNTpoZrrSlbk=",
        "owner": "NixOS",
        "repo": "nixpkgs",
        "rev": "4faa5f5321320e49a78ae7848582f684d64783e9",
        "type": "github"
      },
      "original": {
        "owner": "NixOS",
        "ref": "nixos-unstable",
        "repo": "nixpkgs",
        "type": "github"
      }
    },
    "pinned-inkscape": {
      "locked": {
        "lastModified": 1733881728,
        "narHash": "sha256-E/NfKTNHvBBjBHdSv1Dgn5kRzJcymH/xgXZ3sGoHmV8=",
        "owner": "NixOS",
        "repo": "nixpkgs",
        "rev": "26baeceed3a5ab67791b1456ff710fe97b661639",
        "type": "github"
      },
      "original": {
        "owner": "NixOS",
        "repo": "nixpkgs",
        "rev": "26baeceed3a5ab67791b1456ff710fe97b661639",
        "type": "github"
      }
    },
    "root": {
      "inputs": {
        "droid-sans-mono-dotted": "droid-sans-mono-dotted",
        "firefox-addons": "firefox-addons",
        "flake-utils": "flake-utils",
        "fsaction": "fsaction",
        "home-manager": "home-manager",
        "nixpkgs": "nixpkgs",
        "pinned-inkscape": "pinned-inkscape"
      }
    },
    "systems": {
      "locked": {
        "lastModified": 1681028828,
        "narHash": "sha256-Vy1rq5AaRuLzOxct8nz4T6wlgyUR7zLU309k9mBC768=",
        "owner": "nix-systems",
        "repo": "default",
        "rev": "da67096a3b9bf56a91d16901293e51ba5b49a27e",
        "type": "github"
      },
      "original": {
        "owner": "nix-systems",
        "repo": "default",
        "type": "github"
      }
    }
  },
  "root": "root",
  "version": 7
}
