{
  "nodes": {
    "home-manager": {
      "inputs": {
        "nixpkgs": [
          "nixpkgs"
        ]
      },
      "locked": {
        "lastModified": 1716828474,
        "narHash": "sha256-JjdZzS6sJC2fQto1DD++yrjEr5XrnNDMSi7G0HfF8gQ=",
        "owner": "gauravjuvekar",
        "repo": "home-manager",
        "rev": "4c35ee9029f29a16c2302d59889d5df3c6ef48e7",
        "type": "github"
      },
      "original": {
        "owner": "gauravjuvekar",
        "ref": "fqdn",
        "repo": "home-manager",
        "type": "github"
      }
    },
    "nixpkgs": {
      "locked": {
        "lastModified": 1716715802,
        "narHash": "sha256-usk0vE7VlxPX8jOavrtpOqphdfqEQpf9lgedlY/r66c=",
        "owner": "NixOS",
        "repo": "nixpkgs",
        "rev": "e2dd4e18cc1c7314e24154331bae07df76eb582f",
        "type": "github"
      },
      "original": {
        "owner": "NixOS",
        "repo": "nixpkgs",
        "type": "github"
      }
    },
    "root": {
      "inputs": {
        "home-manager": "home-manager",
        "nixpkgs": "nixpkgs"
      }
    }
  },
  "root": "root",
  "version": 7
}
